{
  "name": "simple-perf",
  "version": "0.0.1",
  "lockfileVersion": 1,
  "requires": true,
  "dependencies": {
    "isprime": {
      "version": "0.0.2",
      "resolved": "https://registry.npmjs.org/isprime/-/isprime-0.0.2.tgz",
      "integrity": "sha1-4o6CjmE8RiJdxcAzZ7ugRwyn96w="
    },
    "primes": {
      "version": "0.0.1",
      "resolved": "https://registry.npmjs.org/primes/-/primes-0.0.1.tgz",
      "integrity": "sha1-cfuGEzEv09LKjaJHY5Kv354OK0Q=",
      "requires": {
        "isprime": "0.0.2"
      }
    }
  }
}
